
Microsoft Visual Studio Solution File, Format Version 12.00
# Visual Studio Version 16
VisualStudioVersion = 16.0.30717.126
MinimumVisualStudioVersion = 10.0.40219.1
Project("{2150E333-8FDC-42A3-9474-1A3956D46DE8}") = "Solution Items", "Solution Items", "{A86F4B5E-40DE-4BAE-BD8B-BF446158CE98}"
	ProjectSection(SolutionItems) = preProject
		Readme.md = Readme.md
	EndProjectSection
EndProject
Project("{9A19103F-16F7-4668-BE54-9A1E7A4F7556}") = "ITHS_CMSProject", "ITHS_CMSProject\ITHS_CMSProject.csproj", "{F828154C-A46F-4485-82E6-0AD2EE2DD08B}"
EndProject
Project("{9A19103F-16F7-4668-BE54-9A1E7A4F7556}") = "CMS_APIProject", "CMS_APIProject\CMS_APIProject.csproj", "{7503B1B7-C5F0-45E3-A906-9BE6DDC22824}"
EndProject
Project("{9A19103F-16F7-4668-BE54-9A1E7A4F7556}") = "DataAccess_CMSProject", "DataAccess_CMSProject\DataAccess_CMSProject.csproj", "{B571E055-07E3-4A68-B21E-3D50069D3C08}"
EndProject
Global
	GlobalSection(SolutionConfigurationPlatforms) = preSolution
		Debug|Any CPU = Debug|Any CPU
		Release|Any CPU = Release|Any CPU
	EndGlobalSection
	GlobalSection(ProjectConfigurationPlatforms) = postSolution
		{F828154C-A46F-4485-82E6-0AD2EE2DD08B}.Debug|Any CPU.ActiveCfg = Debug|Any CPU
		{F828154C-A46F-4485-82E6-0AD2EE2DD08B}.Debug|Any CPU.Build.0 = Debug|Any CPU
		{F828154C-A46F-4485-82E6-0AD2EE2DD08B}.Release|Any CPU.ActiveCfg = Release|Any CPU
		{F828154C-A46F-4485-82E6-0AD2EE2DD08B}.Release|Any CPU.Build.0 = Release|Any CPU
		{7503B1B7-C5F0-45E3-A906-9BE6DDC22824}.Debug|Any CPU.ActiveCfg = Debug|Any CPU
		{7503B1B7-C5F0-45E3-A906-9BE6DDC22824}.Debug|Any CPU.Build.0 = Debug|Any CPU
		{7503B1B7-C5F0-45E3-A906-9BE6DDC22824}.Release|Any CPU.ActiveCfg = Release|Any CPU
		{7503B1B7-C5F0-45E3-A906-9BE6DDC22824}.Release|Any CPU.Build.0 = Release|Any CPU
		{B571E055-07E3-4A68-B21E-3D50069D3C08}.Debug|Any CPU.ActiveCfg = Debug|Any CPU
		{B571E055-07E3-4A68-B21E-3D50069D3C08}.Debug|Any CPU.Build.0 = Debug|Any CPU
		{B571E055-07E3-4A68-B21E-3D50069D3C08}.Release|Any CPU.ActiveCfg = Release|Any CPU
		{B571E055-07E3-4A68-B21E-3D50069D3C08}.Release|Any CPU.Build.0 = Release|Any CPU
	EndGlobalSection
	GlobalSection(SolutionProperties) = preSolution
		HideSolutionNode = FALSE
	EndGlobalSection
	GlobalSection(ExtensibilityGlobals) = postSolution
		SolutionGuid = {1B4160BC-56AE-48AC-9A35-227946E3F7C1}
	EndGlobalSection
EndGlobal
